
Microsoft Visual Studio Solution File, Format Version 12.00
# Visual Studio Version 17
VisualStudioVersion = 17.7.34221.43
MinimumVisualStudioVersion = 10.0.40219.1
Project("{8BC9CEB8-8B4A-11D0-8D11-00A0C91BC942}") = "db_jpsnack", "db_jpsnack\db_jpsnack.vcxproj", "{4EF4B1A9-49D5-40B0-87AD-174402259CA5}"
EndProject
Project("{8BC9CEB8-8B4A-11D0-8D11-00A0C91BC942}") = "db_jpsnack_app", "db_jpsnack_app\db_jpsnack_app.vcxproj", "{D9626878-BB4B-4D76-A54D-2414525FBE21}"
EndProject
Global
	GlobalSection(SolutionConfigurationPlatforms) = preSolution
		Debug|x64 = Debug|x64
		Debug|x86 = Debug|x86
		Release|x64 = Release|x64
		Release|x86 = Release|x86
	EndGlobalSection
	GlobalSection(ProjectConfigurationPlatforms) = postSolution
		{4EF4B1A9-49D5-40B0-87AD-174402259CA5}.Debug|x64.ActiveCfg = Debug|x64
		{4EF4B1A9-49D5-40B0-87AD-174402259CA5}.Debug|x64.Build.0 = Debug|x64
		{4EF4B1A9-49D5-40B0-87AD-174402259CA5}.Debug|x86.ActiveCfg = Debug|Win32
		{4EF4B1A9-49D5-40B0-87AD-174402259CA5}.Debug|x86.Build.0 = Debug|Win32
		{4EF4B1A9-49D5-40B0-87AD-174402259CA5}.Release|x64.ActiveCfg = Release|x64
		{4EF4B1A9-49D5-40B0-87AD-174402259CA5}.Release|x64.Build.0 = Release|x64
		{4EF4B1A9-49D5-40B0-87AD-174402259CA5}.Release|x86.ActiveCfg = Release|Win32
		{4EF4B1A9-49D5-40B0-87AD-174402259CA5}.Release|x86.Build.0 = Release|Win32
		{D9626878-BB4B-4D76-A54D-2414525FBE21}.Debug|x64.ActiveCfg = Debug|x64
		{D9626878-BB4B-4D76-A54D-2414525FBE21}.Debug|x64.Build.0 = Debug|x64
		{D9626878-BB4B-4D76-A54D-2414525FBE21}.Debug|x86.ActiveCfg = Debug|Win32
		{D9626878-BB4B-4D76-A54D-2414525FBE21}.Debug|x86.Build.0 = Debug|Win32
		{D9626878-BB4B-4D76-A54D-2414525FBE21}.Release|x64.ActiveCfg = Release|x64
		{D9626878-BB4B-4D76-A54D-2414525FBE21}.Release|x64.Build.0 = Release|x64
		{D9626878-BB4B-4D76-A54D-2414525FBE21}.Release|x86.ActiveCfg = Release|Win32
		{D9626878-BB4B-4D76-A54D-2414525FBE21}.Release|x86.Build.0 = Release|Win32
	EndGlobalSection
	GlobalSection(SolutionProperties) = preSolution
		HideSolutionNode = FALSE
	EndGlobalSection
	GlobalSection(ExtensibilityGlobals) = postSolution
		SolutionGuid = {B0F881A2-D87E-49A0-8D25-15C640A289E8}
	EndGlobalSection
EndGlobal
